{
  "name": "adequate",
  "version": "0.1.1",
  "lockfileVersion": 1,
  "requires": true,
  "dependencies": {
    "@types/estree": {
      "version": "0.0.41",
      "resolved": "https://registry.npmjs.org/@types/estree/-/estree-0.0.41.tgz",
      "integrity": "sha512-rIAmXyJlqw4KEBO7+u9gxZZSQHaCNnIzYrnNmYVpgfJhxTqO0brCX0SYpqUTkVI5mwwUwzmtspLBGBKroMeynA==",
      "dev": true
    },
    "@types/node": {
      "version": "13.1.0",
      "resolved": "https://registry.npmjs.org/@types/node/-/node-13.1.0.tgz",
      "integrity": "sha512-zwrxviZS08kRX40nqBrmERElF2vpw4IUTd5khkhBTfFH8AOaeoLVx48EC4+ZzS2/Iga7NevncqnsUSYjM4OWYA==",
      "dev": true
    },
    "acorn": {
      "version": "7.1.0",
      "resolved": "https://registry.npmjs.org/acorn/-/acorn-7.1.0.tgz",
      "integrity": "sha512-kL5CuoXA/dgxlBbVrflsflzQ3PAas7RYZB52NOm/6839iVYJgKMJ3cQJD+t2i5+qFa8h3MDpEOJiS64E8JLnSQ==",
      "dev": true
    },
    "buffer-from": {
      "version": "1.1.1",
      "resolved": "https://registry.npmjs.org/buffer-from/-/buffer-from-1.1.1.tgz",
      "integrity": "sha512-MQcXEUbCKtEo7bhqEs6560Hyd4XaovZlO/k9V3hjVUF/zwW7KBVdSK4gIt/bzwS9MbR5qob+F5jusZsb0YQK2A==",
      "dev": true
    },
    "chrome-remote-interface": {
      "version": "0.28.1",
      "resolved": "https://registry.npmjs.org/chrome-remote-interface/-/chrome-remote-interface-0.28.1.tgz",
      "integrity": "sha512-OnVjEOuZtPDImShaWSQPKPZMNnUnoZfLKhayeXUWOyqir3MT1OTqMzUDEnIVx1itPnsW7CiKgyNLLgvgdniJgQ==",
      "dev": true,
      "requires": {
        "commander": "2.11.x",
        "ws": "^7.2.0"
      },
      "dependencies": {
        "commander": {
          "version": "2.11.0",
          "resolved": "https://registry.npmjs.org/commander/-/commander-2.11.0.tgz",
          "integrity": "sha512-b0553uYA5YAEGgyYIGYROzKQ7X5RAqedkfjiZxwi0kL1g3bOaBNNZfYkzt/CL0umgD5wc9Jec2FbB98CjkMRvQ==",
          "dev": true
        }
      }
    },
    "commander": {
      "version": "2.20.3",
      "resolved": "https://registry.npmjs.org/commander/-/commander-2.20.3.tgz",
      "integrity": "sha512-GpVkmM8vF2vQUkj2LvZmD35JxeJOLCwJ9cUkugyk2nuhbv3+mJvpLYYt+0+USMxE+oj+ey/lJEnhZw75x/OMcQ==",
      "dev": true
    },
    "estree-walker": {
      "version": "0.6.1",
      "resolved": "https://registry.npmjs.org/estree-walker/-/estree-walker-0.6.1.tgz",
      "integrity": "sha512-SqmZANLWS0mnatqbSfRP5g8OXZC12Fgg1IwNtLsyHDzJizORW4khDfjPqJZsemPWBB2uqykUah5YpQ6epsqC/w==",
      "dev": true
    },
    "highlight.js": {
      "version": "9.18.0",
      "resolved": "https://registry.npmjs.org/highlight.js/-/highlight.js-9.18.0.tgz",
      "integrity": "sha512-A97kI1KAUzKoAiEoaGcf2O9YPS8nbDTCRFokaaeBhnqjQTvbAuAJrQMm21zw8s8xzaMtCQBtgbyGXLGxdxQyqQ==",
      "dev": true
    },
    "marked": {
      "version": "0.8.0",
      "resolved": "https://registry.npmjs.org/marked/-/marked-0.8.0.tgz",
      "integrity": "sha512-MyUe+T/Pw4TZufHkzAfDj6HarCBWia2y27/bhuYkTaiUnfDYFnCP3KUN+9oM7Wi6JA2rymtVYbQu3spE0GCmxQ==",
      "dev": true
    },
    "mini.css": {
      "version": "3.0.1",
      "resolved": "https://registry.npmjs.org/mini.css/-/mini.css-3.0.1.tgz",
      "integrity": "sha512-FmuuBL0wuyDO1UA66TkAo8w2RxxuHmNPaUqUHcYlHtM9CJkrscQaNAJ/ParEahYFwtZOSgfEA7flbMoSPkzrPA==",
      "dev": true
    },
    "prettier": {
      "version": "1.19.1",
      "resolved": "https://registry.npmjs.org/prettier/-/prettier-1.19.1.tgz",
      "integrity": "sha512-s7PoyDv/II1ObgQunCbB9PdLmUcBZcnWOcxDh7O0N/UwDEsHyqkW+Qh28jW+mVuCdx7gLB0BotYI1Y6uI9iyew==",
      "dev": true
    },
    "reset-css": {
      "version": "5.0.1",
      "resolved": "https://registry.npmjs.org/reset-css/-/reset-css-5.0.1.tgz",
      "integrity": "sha512-VyuJdNFfp5x/W6e5wauJM59C02Vs0P22sxzZGhQMPaqu/NGTeFxlBFOOw3eq9vQd19gIDdZp7zi89ylyKOJ33Q==",
      "dev": true
    },
    "rollup": {
      "version": "1.27.14",
      "resolved": "https://registry.npmjs.org/rollup/-/rollup-1.27.14.tgz",
      "integrity": "sha512-DuDjEyn8Y79ALYXMt+nH/EI58L5pEw5HU9K38xXdRnxQhvzUTI/nxAawhkAHUQeudANQ//8iyrhVRHJBuR6DSQ==",
      "dev": true,
      "requires": {
        "@types/estree": "*",
        "@types/node": "*",
        "acorn": "^7.1.0"
      }
    },
    "rollup-plugin-css-only": {
      "version": "2.0.0",
      "resolved": "https://registry.npmjs.org/rollup-plugin-css-only/-/rollup-plugin-css-only-2.0.0.tgz",
      "integrity": "sha512-RdzeDgrKHrvixVF001fbK/G1C6wZYSs49lBon4dqeW4awgVhPWaaogXtVnVUBbtIeAF5kxaZQI1tJ+UYL0nswg==",
      "dev": true,
      "requires": {
        "rollup-pluginutils": "^2.3.3"
      }
    },
    "rollup-pluginutils": {
      "version": "2.8.2",
      "resolved": "https://registry.npmjs.org/rollup-pluginutils/-/rollup-pluginutils-2.8.2.tgz",
      "integrity": "sha512-EEp9NhnUkwY8aif6bxgovPHMoMoNr2FulJziTndpt5H9RdwC47GSGuII9XxpSdzVGM0GWrNPHV6ie1LTNJPaLQ==",
      "dev": true,
      "requires": {
        "estree-walker": "^0.6.1"
      }
    },
    "source-map": {
      "version": "0.6.1",
      "resolved": "https://registry.npmjs.org/source-map/-/source-map-0.6.1.tgz",
      "integrity": "sha512-UjgapumWlbMhkBgzT7Ykc5YXUT46F0iKu8SGXq0bcwP5dz/h0Plj6enJqjz1Zbq2l5WaqYnrVbwWOWMyF3F47g==",
      "dev": true
    },
    "source-map-support": {
      "version": "0.5.16",
      "resolved": "https://registry.npmjs.org/source-map-support/-/source-map-support-0.5.16.tgz",
      "integrity": "sha512-efyLRJDr68D9hBBNIPWFjhpFzURh+KJykQwvMyW5UiZzYwoF6l4YMMDIJJEyFWxWCqfyxLzz6tSfUFR+kXXsVQ==",
      "dev": true,
      "requires": {
        "buffer-from": "^1.0.0",
        "source-map": "^0.6.0"
      }
    },
    "terser": {
      "version": "4.6.1",
      "resolved": "https://registry.npmjs.org/terser/-/terser-4.6.1.tgz",
      "integrity": "sha512-w0f2OWFD7ka3zwetgVAhNMeyzEbj39ht2Tb0qKflw9PmW9Qbo5tjTh01QJLkhO9t9RDDQYvk+WXqpECI2C6i2A==",
      "dev": true,
      "requires": {
        "commander": "^2.20.0",
        "source-map": "~0.6.1",
        "source-map-support": "~0.5.12"
      }
    },
    "typescript": {
      "version": "3.7.4",
      "resolved": "https://registry.npmjs.org/typescript/-/typescript-3.7.4.tgz",
      "integrity": "sha512-A25xv5XCtarLwXpcDNZzCGvW2D1S3/bACratYBx2sax8PefsFhlYmkQicKHvpYflFS8if4zne5zT5kpJ7pzuvw==",
      "dev": true
    },
    "ws": {
      "version": "7.2.1",
      "resolved": "https://registry.npmjs.org/ws/-/ws-7.2.1.tgz",
      "integrity": "sha512-sucePNSafamSKoOqoNfBd8V0StlkzJKL2ZAhGQinCfNQ+oacw+Pk7lcdAElecBF2VkLNZRiIb5Oi1Q5lVUVt2A==",
      "dev": true
    }
  }
}
